
Microsoft Visual Studio Solution File, Format Version 12.00
# Visual Studio Version 17
VisualStudioVersion = 17.9.34622.214
MinimumVisualStudioVersion = 10.0.40219.1
Project("{FAE04EC0-301F-11D3-BF4B-00C04F79EFBC}") = "DolgozoNyilvantartasGrafikus", "DolgozoNyilvantartasGrafikus.csproj", "{5776E47E-05D0-467E-9F1F-46E4F819D543}"
EndProject
Project("{FAE04EC0-301F-11D3-BF4B-00C04F79EFBC}") = "DolgozoNyilvantartasKonzolos", "..\DolgozoNyilvantartasKonzolos\DolgozoNyilvantartasKonzolos.csproj", "{60819F75-81F9-4393-A0B1-7F13D9269FA8}"
EndProject
Global
	GlobalSection(SolutionConfigurationPlatforms) = preSolution
		Debug|Any CPU = Debug|Any CPU
		Release|Any CPU = Release|Any CPU
	EndGlobalSection
	GlobalSection(ProjectConfigurationPlatforms) = postSolution
		{5776E47E-05D0-467E-9F1F-46E4F819D543}.Debug|Any CPU.ActiveCfg = Debug|Any CPU
		{5776E47E-05D0-467E-9F1F-46E4F819D543}.Debug|Any CPU.Build.0 = Debug|Any CPU
		{5776E47E-05D0-467E-9F1F-46E4F819D543}.Release|Any CPU.ActiveCfg = Release|Any CPU
		{5776E47E-05D0-467E-9F1F-46E4F819D543}.Release|Any CPU.Build.0 = Release|Any CPU
		{60819F75-81F9-4393-A0B1-7F13D9269FA8}.Debug|Any CPU.ActiveCfg = Debug|Any CPU
		{60819F75-81F9-4393-A0B1-7F13D9269FA8}.Debug|Any CPU.Build.0 = Debug|Any CPU
		{60819F75-81F9-4393-A0B1-7F13D9269FA8}.Release|Any CPU.ActiveCfg = Release|Any CPU
		{60819F75-81F9-4393-A0B1-7F13D9269FA8}.Release|Any CPU.Build.0 = Release|Any CPU
	EndGlobalSection
	GlobalSection(SolutionProperties) = preSolution
		HideSolutionNode = FALSE
	EndGlobalSection
	GlobalSection(ExtensibilityGlobals) = postSolution
		SolutionGuid = {C5C9034E-A8FF-43A5-8DAD-8C3ADF5F20A8}
	EndGlobalSection
EndGlobal
